
Microsoft Visual Studio Solution File, Format Version 12.00
# Visual Studio 15
VisualStudioVersion = 15.0.27004.2005
MinimumVisualStudioVersion = 10.0.40219.1
Project("{FAE04EC0-301F-11D3-BF4B-00C04F79EFBC}") = "WebVenta", "WebVenta\WebVenta.csproj", "{1123DCAD-BF60-44BB-BC70-E1463DDE45E9}"
EndProject
Global
	GlobalSection(SolutionConfigurationPlatforms) = preSolution
		Debug|Any CPU = Debug|Any CPU
		Release|Any CPU = Release|Any CPU
	EndGlobalSection
	GlobalSection(ProjectConfigurationPlatforms) = postSolution
		{1123DCAD-BF60-44BB-BC70-E1463DDE45E9}.Debug|Any CPU.ActiveCfg = Debug|Any CPU
		{1123DCAD-BF60-44BB-BC70-E1463DDE45E9}.Debug|Any CPU.Build.0 = Debug|Any CPU
		{1123DCAD-BF60-44BB-BC70-E1463DDE45E9}.Release|Any CPU.ActiveCfg = Release|Any CPU
		{1123DCAD-BF60-44BB-BC70-E1463DDE45E9}.Release|Any CPU.Build.0 = Release|Any CPU
	EndGlobalSection
	GlobalSection(SolutionProperties) = preSolution
		HideSolutionNode = FALSE
	EndGlobalSection
	GlobalSection(ExtensibilityGlobals) = postSolution
		SolutionGuid = {A3AEFEBA-8445-4476-B967-ABB4D9D104F1}
	EndGlobalSection
EndGlobal
